
Microsoft Visual Studio Solution File, Format Version 12.00
# Visual Studio 15
Project("{FAE04EC0-301F-11D3-BF4B-00C04F79EFBC}") = "ZYS", "ZYS\ZYS.csproj", "{9DF2CC20-B217-409C-A923-125099E16285}"
EndProject
Project("{FAE04EC0-301F-11D3-BF4B-00C04F79EFBC}") = "ZYS.Tests", "ZYS.Tests\ZYS.Tests.csproj", "{4520A132-3444-4F23-A9E0-7BFE0F368D77}"
EndProject
Global
	GlobalSection(SolutionConfigurationPlatforms) = preSolution
		Debug|Any CPU = Debug|Any CPU
		Release|Any CPU = Release|Any CPU
	EndGlobalSection
	GlobalSection(ProjectConfigurationPlatforms) = postSolution
		{9DF2CC20-B217-409C-A923-125099E16285}.Debug|Any CPU.ActiveCfg = Debug|Any CPU
		{9DF2CC20-B217-409C-A923-125099E16285}.Debug|Any CPU.Build.0 = Debug|Any CPU
		{9DF2CC20-B217-409C-A923-125099E16285}.Release|Any CPU.ActiveCfg = Release|Any CPU
		{9DF2CC20-B217-409C-A923-125099E16285}.Release|Any CPU.Build.0 = Release|Any CPU
		{4520A132-3444-4F23-A9E0-7BFE0F368D77}.Debug|Any CPU.ActiveCfg = Debug|Any CPU
		{4520A132-3444-4F23-A9E0-7BFE0F368D77}.Debug|Any CPU.Build.0 = Debug|Any CPU
		{4520A132-3444-4F23-A9E0-7BFE0F368D77}.Release|Any CPU.ActiveCfg = Release|Any CPU
		{4520A132-3444-4F23-A9E0-7BFE0F368D77}.Release|Any CPU.Build.0 = Release|Any CPU
	EndGlobalSection
EndGlobal
